{
  "nodes": {
    "darwin": {
      "inputs": {
        "nixpkgs": [
          "nixpkgs"
        ]
      },
      "locked": {
        "lastModified": 1729826725,
        "narHash": "sha256-w3WNlYxqWYsuzm/jgFPyhncduoDNjot28aC8j39TW0U=",
        "owner": "lnl7",
        "repo": "nix-darwin",
        "rev": "7840909b00fbd5a183008a6eb251ea307fe4a76e",
        "type": "github"
      },
      "original": {
        "owner": "lnl7",
        "repo": "nix-darwin",
        "type": "github"
      }
    },
    "froshpkgs": {
      "inputs": {
        "nixpkgs": [
          "nixpkgs"
        ]
      },
      "locked": {
        "lastModified": 1728329480,
        "narHash": "sha256-uqW8vjJt6ylwCdznKZ9s5r7DJKMS5KLdrJ1TnAlpBkM=",
        "owner": "FriendsOfShopware",
        "repo": "nur-packages",
        "rev": "731429a5d8ddb9dcf32f355b0d5f32d7d877d122",
        "type": "github"
      },
      "original": {
        "owner": "FriendsOfShopware",
        "repo": "nur-packages",
        "type": "github"
      }
    },
    "home-manager": {
      "inputs": {
        "nixpkgs": [
          "nixpkgs"
        ]
      },
      "locked": {
        "lastModified": 1729848063,
        "narHash": "sha256-1uGIPOSJq4IzoDvgfOF6A3sw5it1WX3ZdYl2+jCkjv8=",
        "owner": "nix-community",
        "repo": "home-manager",
        "rev": "c77c3bb23390a9ba91860e721edde54856fc5f7a",
        "type": "github"
      },
      "original": {
        "owner": "nix-community",
        "repo": "home-manager",
        "type": "github"
      }
    },
    "nixpkgs": {
      "locked": {
        "lastModified": 1729818716,
        "narHash": "sha256-XRfkUsxLzFkMn3Tpstio1gNOIQ+2PZPCKbifJ2IXxlw=",
        "owner": "NixOS",
        "repo": "nixpkgs",
        "rev": "062c4f59744fcffa2e5aa3ef443dc8b4d1674ed6",
        "type": "github"
      },
      "original": {
        "owner": "NixOS",
        "ref": "nixpkgs-unstable",
        "repo": "nixpkgs",
        "type": "github"
      }
    },
    "nixpkgs-stable": {
      "locked": {
        "lastModified": 1729357638,
        "narHash": "sha256-66RHecx+zohbZwJVEPF7uuwHeqf8rykZTMCTqIrOew4=",
        "owner": "NixOS",
        "repo": "nixpkgs",
        "rev": "bb8c2cf7ea0dd2e18a52746b2c3a5b0c73b93c22",
        "type": "github"
      },
      "original": {
        "owner": "NixOS",
        "ref": "release-24.05",
        "repo": "nixpkgs",
        "type": "github"
      }
    },
    "root": {
      "inputs": {
        "darwin": "darwin",
        "froshpkgs": "froshpkgs",
        "home-manager": "home-manager",
        "nixpkgs": "nixpkgs",
        "sops-nix": "sops-nix"
      }
    },
    "sops-nix": {
      "inputs": {
        "nixpkgs": [
          "nixpkgs"
        ],
        "nixpkgs-stable": "nixpkgs-stable"
      },
      "locked": {
        "lastModified": 1729775275,
        "narHash": "sha256-J2vtHq9sw1wWm0aTMXpEEAzsVCUMZDTEe5kiBYccpLE=",
        "owner": "Mic92",
        "repo": "sops-nix",
        "rev": "78a0e634fc8981d6b564f08b6715c69a755c4c7d",
        "type": "github"
      },
      "original": {
        "owner": "Mic92",
        "repo": "sops-nix",
        "type": "github"
      }
    }
  },
  "root": "root",
  "version": 7
}
