{
  "nodes": {
    "darwin": {
      "inputs": {
        "nixpkgs": [
          "nixpkgs"
        ]
      },
      "locked": {
        "lastModified": 1667419884,
        "narHash": "sha256-oLNw87ZI5NxTMlNQBv1wG2N27CUzo9admaFlnmavpiY=",
        "owner": "lnl7",
        "repo": "nix-darwin",
        "rev": "cfc0125eafadc9569d3d6a16ee928375b77e3100",
        "type": "github"
      },
      "original": {
        "owner": "lnl7",
        "repo": "nix-darwin",
        "type": "github"
      }
    },
    "darwin-modules": {
      "inputs": {
        "nixpkgs": [
          "nixpkgs"
        ]
      },
      "locked": {
        "lastModified": 1665760862,
        "narHash": "sha256-P/yCxxi5DhBkRhEkvVLwLm9h96gEjfGfLfCJCUiYf6E=",
        "owner": "shyim",
        "repo": "nix-darwin-modules",
        "rev": "d5a1c5afb3949b73b4ac778057ac6eb25dc0615c",
        "type": "github"
      },
      "original": {
        "owner": "shyim",
        "repo": "nix-darwin-modules",
        "type": "github"
      }
    },
    "home-manager": {
      "inputs": {
        "nixpkgs": [
          "nixpkgs"
        ],
        "utils": "utils"
      },
      "locked": {
        "lastModified": 1667830176,
        "narHash": "sha256-TNm8W88Jf9qELqKI8rGMr0sZWlTV9WKIlqN4dzvuKUA=",
        "owner": "nix-community",
        "repo": "home-manager",
        "rev": "886675991b643b701a33f533443db165c70692d1",
        "type": "github"
      },
      "original": {
        "owner": "nix-community",
        "repo": "home-manager",
        "type": "github"
      }
    },
    "nixpkgs": {
      "locked": {
        "lastModified": 1667702334,
        "narHash": "sha256-2oihoCZvQvg+oUrMz8OGc1z4J9HflqEjkk666VKm9jw=",
        "owner": "NixOS",
        "repo": "nixpkgs",
        "rev": "adc7d07c0c8162ecb9fe0b075386d549680ef914",
        "type": "github"
      },
      "original": {
        "owner": "NixOS",
        "ref": "nixos-unstable",
        "repo": "nixpkgs",
        "type": "github"
      }
    },
    "root": {
      "inputs": {
        "darwin": "darwin",
        "darwin-modules": "darwin-modules",
        "home-manager": "home-manager",
        "nixpkgs": "nixpkgs"
      }
    },
    "utils": {
      "locked": {
        "lastModified": 1667395993,
        "narHash": "sha256-nuEHfE/LcWyuSWnS8t12N1wc105Qtau+/OdUAjtQ0rA=",
        "owner": "numtide",
        "repo": "flake-utils",
        "rev": "5aed5285a952e0b949eb3ba02c12fa4fcfef535f",
        "type": "github"
      },
      "original": {
        "owner": "numtide",
        "repo": "flake-utils",
        "type": "github"
      }
    }
  },
  "root": "root",
  "version": 7
}
