{
  "nodes": {
    "darwin": {
      "inputs": {
        "nixpkgs": [
          "nixpkgs"
        ]
      },
      "locked": {
        "lastModified": 1726742753,
        "narHash": "sha256-QclpWrIFIg/yvWRiOUaMp1WR+TGUE9tb7RE31xHlxWc=",
        "owner": "lnl7",
        "repo": "nix-darwin",
        "rev": "c03f85fa42d68d1056ca1740f3113b04f3addff2",
        "type": "github"
      },
      "original": {
        "owner": "lnl7",
        "repo": "nix-darwin",
        "type": "github"
      }
    },
    "froshpkgs": {
      "inputs": {
        "nixpkgs": [
          "nixpkgs"
        ]
      },
      "locked": {
        "lastModified": 1726836273,
        "narHash": "sha256-2Oxihwpgxg497VFTm2pstQUMS/JiYWHGkW3bUq30IpU=",
        "owner": "FriendsOfShopware",
        "repo": "nur-packages",
        "rev": "437250c2810bcb17d329a577cbd24f454ff8bf07",
        "type": "github"
      },
      "original": {
        "owner": "FriendsOfShopware",
        "repo": "nur-packages",
        "type": "github"
      }
    },
    "home-manager": {
      "inputs": {
        "nixpkgs": [
          "nixpkgs"
        ]
      },
      "locked": {
        "lastModified": 1726825546,
        "narHash": "sha256-HiBzfzgqojA9OjPB+vdi2o+gy4Zw/MEipuGopgGsZEw=",
        "owner": "nix-community",
        "repo": "home-manager",
        "rev": "0b052dd8119005c6ba819db48bcc657e48f401b7",
        "type": "github"
      },
      "original": {
        "owner": "nix-community",
        "repo": "home-manager",
        "type": "github"
      }
    },
    "nixpkgs": {
      "locked": {
        "lastModified": 1726652927,
        "narHash": "sha256-WO6Lmbn37PlamY2fDg3B187THkSKU/W01z8SxoIqJd0=",
        "owner": "NixOS",
        "repo": "nixpkgs",
        "rev": "294eb5975def0caa718fca92dc5a9d656ae392a9",
        "type": "github"
      },
      "original": {
        "owner": "NixOS",
        "ref": "nixpkgs-unstable",
        "repo": "nixpkgs",
        "type": "github"
      }
    },
    "root": {
      "inputs": {
        "darwin": "darwin",
        "froshpkgs": "froshpkgs",
        "home-manager": "home-manager",
        "nixpkgs": "nixpkgs"
      }
    }
  },
  "root": "root",
  "version": 7
}
